
Microsoft Visual Studio Solution File, Format Version 12.00
# Visual Studio Version 16
VisualStudioVersion = 16.0.29025.244
MinimumVisualStudioVersion = 10.0.40219.1
Project("{FAE04EC0-301F-11D3-BF4B-00C04F79EFBC}") = "Webcrawler", "Webcrawler.csproj", "{6BE62B83-41B7-4840-B5C5-518898A5C42B}"
EndProject
Global
	GlobalSection(SolutionConfigurationPlatforms) = preSolution
		Debug|Any CPU = Debug|Any CPU
		Release|Any CPU = Release|Any CPU
	EndGlobalSection
	GlobalSection(ProjectConfigurationPlatforms) = postSolution
		{6BE62B83-41B7-4840-B5C5-518898A5C42B}.Debug|Any CPU.ActiveCfg = Debug|Any CPU
		{6BE62B83-41B7-4840-B5C5-518898A5C42B}.Debug|Any CPU.Build.0 = Debug|Any CPU
		{6BE62B83-41B7-4840-B5C5-518898A5C42B}.Release|Any CPU.ActiveCfg = Release|Any CPU
		{6BE62B83-41B7-4840-B5C5-518898A5C42B}.Release|Any CPU.Build.0 = Release|Any CPU
	EndGlobalSection
	GlobalSection(SolutionProperties) = preSolution
		HideSolutionNode = FALSE
	EndGlobalSection
	GlobalSection(ExtensibilityGlobals) = postSolution
		SolutionGuid = {47B47097-B25F-47D8-9AF5-602182D9533A}
	EndGlobalSection
EndGlobal
